# This file was autogenerated by Stack.
# You should not edit this file by hand.
# For more information, please see the documentation at:
#   https://docs.haskellstack.org/en/stable/lock_files

packages:
- completed:
    hackage: gloss-1.13.0.1@sha256:3015998c5a46fbd2ca8702be6fb97d4bec8e75108ce07f88f1935a168918cfdb,4197
    pantry-tree:
      size: 3807
      sha256: f061550d18801f8ef70c518f5f757ec07f0e58e5a9e12ef8fba151a52bae39f8
  original:
    hackage: gloss-1.13.0.1
snapshots:
- completed:
    size: 523448
    url: https://raw.githubusercontent.com/commercialhaskell/stackage-snapshots/master/lts/14/1.yaml
    sha256: 0045b9bae36c3bb2dd374c29b586389845af1557eea0423958d152fc500d4fbf
  original: lts-14.1
